github.com/gohugoio/hugo-mod-jslibs-dist/popperjs/v2 v2.21100.20000 h1:GZxx4Hc+yb0/t3/rau1j8XlAxLE4CyXns2fqQbyqWfs=
github.com/gohugoio/hugo-mod-jslibs-dist/popperjs/v2 v2.21100.20000/go.mod h1:mFberT6ZtcchrsDtfvJM7aAH2bDKLdOnruUHl0hlapI=
github.com/hbstack/base v0.1.1 h1:1ehqqiEVEWC2tFrj2M8NhynBTYxt2uiZrpydB3j/pgY=
github.com/hbstack/base v0.1.1/go.mod h1:7J9OWva2kKpSSLHmVCErdcu9x5rkM9Y9EXBdumon/0Q=
github.com/hbstack/base v0.1.4/go.mod h1:HPH5RBlYR8QvGH/Qo5Do1uRd+1u4K2OmoD9zb3fsytQ=
github.com/hbstack/base v0.1.5/go.mod h1:HPH5RBlYR8QvGH/Qo5Do1uRd+1u4K2OmoD9zb3fsytQ=
github.com/hbstack/carousel v0.1.0 h1:s/uOB8TLwTLxID8WzADy1FJ0YSjFSGW+Nzey+3axS1Q=
github.com/hbstack/carousel v0.1.0/go.mod h1:S9GTKstFWX/1um5FZIxBiqlbD4td3cgNIRmInJW+qa0=
github.com/hbstack/carousel v0.1.1/go.mod h1:PkmHk1S3zSmJZMgQmP7Wq+DW0kbFgTTjMmDg3nQH/yc=
github.com/hbstack/carousel v0.1.3/go.mod h1:PkmHk1S3zSmJZMgQmP7Wq+DW0kbFgTTjMmDg3nQH/yc=
github.com/hbstack/carousel v0.1.4/go.mod h1:PkmHk1S3zSmJZMgQmP7Wq+DW0kbFgTTjMmDg3nQH/yc=
github.com/hbstack/carousel v0.1.5/go.mod h1:PkmHk1S3zSmJZMgQmP7Wq+DW0kbFgTTjMmDg3nQH/yc=
github.com/hbstack/carousel v0.1.6/go.mod h1:PkmHk1S3zSmJZMgQmP7Wq+DW0kbFgTTjMmDg3nQH/yc=
github.com/hbstack/carousel v0.1.13/go.mod h1:LYQ0nZwyBEOpHVbBCDbml3C7fx+MWxEEXKQjkixBJfA=
github.com/hbstack/carousel v0.2.0/go.mod h1:qUmtQEgnnNrnNumiCbAV9hgiitlW4KrQs1W7b2TlAqI=
github.com/hbstack/carousel v0.2.1/go.mod h1:ygxbeQDgxnDcu6FPdJzS/aacSyn+exgRpjpsRhsMVU0=
github.com/hbstack/disqus v0.1.0 h1:z7yE0G9QmSoWGSh/GFkG24Pz9o9uKowoPa3dREWNPMk=
github.com/hbstack/disqus v0.1.0/go.mod h1:DJBv8RCHlcZk7mZCD8KTpFBNUKqlPjh2x/k8jAyWthQ=
github.com/hbstack/docs v0.1.1 h1:+d8rsvrDNbM83Qyo3Yc3q6ClLiLlWqgpJ1xzns2v39E=
github.com/hbstack/docs v0.1.1/go.mod h1:CNg6F64itcStGejgHhnQdiVIfmOfDJHpBatm3WzB2jE=
github.com/hbstack/docs v0.1.2/go.mod h1:k4kzz8Mu1OlubbgmavGuFQrpEPNc25cGAh4DBRAwlNo=
github.com/hbstack/docs v0.1.3/go.mod h1:ySIvxCQqAcDt7dcHJo/c6S3GsxfBsjIBA2mmhy5eNdo=
github.com/hbstack/docs v0.1.4/go.mod h1:RA07YdmW5Wes/39SmE+2zDikVLUgFSTC/b1RlKGF1s0=
github.com/hbstack/docs v0.2.0/go.mod h1:EJg1tL3WDsgVXUsuwdtdNP+/Ayak5aUIBOUnjNriutE=
github.com/hbstack/docs v0.3.0/go.mod h1:bmStrKlo7J8OGzDXW5ZC3dImSfizVEzfbwfn0qJxPnE=
github.com/hbstack/docs v0.4.0/go.mod h1:M59YY0BQ+LQodPewES7wmRkq9oT96GzdBiUyGpjjTD0=
github.com/hbstack/hb v0.1.2 h1:GEx20g1w53Do3bu3aiyK5ubfkpjQIcHNHBx1lJKCzCk=
github.com/hbstack/hb v0.1.2/go.mod h1:j1CyW+HWmbqdAgagn8FPEtdTGZEdTHVZdml+vqfsKiU=
github.com/hbstack/hb v0.1.4/go.mod h1:MRDu9z0Iq6B3xTCS8QQ5zX0hzGKDQYMxNXm+GLXinqU=
github.com/hbstack/hb v0.2.0/go.mod h1:37E1uTMQx1Hix+VdwlWkW74fi3ct5+KlCCBywv9l3Ac=
github.com/hbstack/hb v0.3.0/go.mod h1:37E1uTMQx1Hix+VdwlWkW74fi3ct5+KlCCBywv9l3Ac=
github.com/hbstack/hb v0.4.0/go.mod h1:37E1uTMQx1Hix+VdwlWkW74fi3ct5+KlCCBywv9l3Ac=
github.com/hbstack/hb v0.5.0/go.mod h1:37E1uTMQx1Hix+VdwlWkW74fi3ct5+KlCCBywv9l3Ac=
github.com/hugomods/gravatar v0.1.0 h1:wggcqWDeLVXbvechNuehMpTf1NL8yDZUhWEmQxH8NzA=
github.com/hugomods/gravatar v0.1.0/go.mod h1:oATWuh5u2XUK/ZKzOD0VEP5I/TZfVZwplTyhT61Q4Fc=
github.com/hugomods/gravatar v0.1.1/go.mod h1:oATWuh5u2XUK/ZKzOD0VEP5I/TZfVZwplTyhT61Q4Fc=
github.com/hugomods/gravatar v0.2.0/go.mod h1:oATWuh5u2XUK/ZKzOD0VEP5I/TZfVZwplTyhT61Q4Fc=
