github.com/GoogleChrome/workbox v6.5.4+incompatible h1:J4yOdtnLGsxom7oTS+mRegKJ5a+Wi4j2qfZ72AWRlOM=
github.com/GoogleChrome/workbox v6.5.4+incompatible/go.mod h1:dyEoGLpJeO43pUVJb+nNNr1WRgoF81hNEl4UGLV+yow=
github.com/KaTex/KaTex v0.16.7 h1:9+W46JEDL9cjwCkpp1VjPZQDffsNEz5GnIxlWbGcLNs=
github.com/KaTex/KaTex v0.16.7/go.mod h1:glx8oEJ5DjEA60bktiK8V/5CsCXN3TRFKU5m2b5zpfc=
github.com/gohugoio/hugo-mod-bootstrap-scss/v5 v5.20300.20002 h1:6F6sjCSkFIIgqLp4SEIL1Ao9ZfKyM6OmgqEdTlc58Yk=
github.com/gohugoio/hugo-mod-bootstrap-scss/v5 v5.20300.20002/go.mod h1:Q6TrjM78wB13zkOMBSV4IZIZ54tbshmE2fem9CYx2pU=
github.com/gohugoio/hugo-mod-jslibs-dist/popperjs/v2 v2.21100.20000/go.mod h1:mFberT6ZtcchrsDtfvJM7aAH2bDKLdOnruUHl0hlapI=
github.com/hbstack/base v0.1.5 h1:koVBFGU2PBTrQEAtKmceoEGYzaGWuqlj1Zj+6uNH7BU=
github.com/hbstack/base v0.1.5/go.mod h1:HPH5RBlYR8QvGH/Qo5Do1uRd+1u4K2OmoD9zb3fsytQ=
github.com/hbstack/blog/modules/content-panel v0.1.0 h1:sL17HqyOMC4dtp5NP2LKC/5Sj2I+CTAdnyk7ou8mj4E=
github.com/hbstack/blog/modules/content-panel v0.1.0/go.mod h1:q2RDn6UEtcFHB041i7U0V6IiyK4qE7hYFGc/3Pt3wxM=
github.com/hbstack/blog/modules/featured-image v0.2.0 h1:4XHEx5IXMwLxMVprjoNXsw1C6yRLq3TPAu00d0Faprk=
github.com/hbstack/blog/modules/featured-image v0.2.0/go.mod h1:RJNICm4f4kglvH9mh9rGhQUHWmwqLxnx4euvwXl7BvQ=
github.com/hbstack/blog/modules/giscus v0.1.3 h1:OkmbGlVdqcKCT3/KKiU4ko9DFRx+TkqPJOVQLvci484=
github.com/hbstack/blog/modules/giscus v0.1.3/go.mod h1:GZJ3bX4srXyPvAOYWRE/Pbot3jgx5kAZMbcG0mtEgcs=
github.com/hbstack/carousel v0.2.1 h1:H9hEZ/ea+D/ztllHPQFhZljta2D9tIQHWdNKceMTatU=
github.com/hbstack/carousel v0.2.1/go.mod h1:ygxbeQDgxnDcu6FPdJzS/aacSyn+exgRpjpsRhsMVU0=
github.com/hbstack/docs v0.4.0 h1:VVXWcAiXwItS78TJwWBViNmla/j2u5QIhc/sgDmhBtE=
github.com/hbstack/docs/modules/content-panel v0.1.0 h1:qRiBmIp64Md0b9nKZDmwotru9aL+tN6s39C4ezPKJVw=
github.com/hbstack/docs/modules/content-panel v0.1.0/go.mod h1:aix+v3Xb+LlOvgb5OfgAuxAmFkbH18XM9CUmP9G4QPs=
github.com/hbstack/docs/modules/giscus v0.1.3 h1:zKHk5FzabnZgrEOM6fx0+J9c7GrBNU2P120XjwqhbNg=
github.com/hbstack/docs/modules/giscus v0.1.3/go.mod h1:h6zjdGgKYRPNf6K0XVmX0BkL3fYl2k2QbEjFhiFBoBQ=
github.com/hbstack/gallery v0.4.1 h1:K1EM36Tfh1sNCJyWLf+qHSIFsm9CANhSnav/WnmbRfw=
github.com/hbstack/gallery v0.4.1/go.mod h1:pEm/V68w0YISCUGftyZiArFMy4uqrjMu68CwbAVlIpE=
github.com/hbstack/gallery/modules/breadcrumb v0.1.0 h1:zenzwq4EiE2PIB2gx8QU4I2Zx9KAK901EWpgLGu5XqA=
github.com/hbstack/gallery/modules/breadcrumb v0.1.0/go.mod h1:7E1zwN0GC59OsXAUEALUiYWJhQw5hGPnpHfRHQDS/5Q=
github.com/hbstack/heading-sign v0.1.3 h1:bkyBAwTETrbLqPBM89EuSscgLt2MOrmEPSeooeR0Jfc=
github.com/hbstack/heading-sign v0.1.3/go.mod h1:uR6DdjYDoLDFanc8kSglEe/08GyNyQBmyNEJ6Z1KRAg=
github.com/hbstack/meta/blog v0.2.0 h1:FdZE2Kx+dDXFNlSi5WYTtxBzkAecNhQL0CB5ansVcAY=
github.com/hbstack/meta/blog v0.2.0/go.mod h1:OZspuBDQpUecS+7FnFaqiOcW8dyhNKBKPW0r6a2G1Ew=
github.com/hbstack/meta/content v0.4.1 h1:cIIXOKRp4Dx26E5d8pgXtgULaEaqg++GR/TFpL5b64s=
github.com/hbstack/meta/content v0.4.1/go.mod h1:nU4+sEJuqQEqSSJBSuFpDumAEOi6RM9kUc2viK8M/F4=
github.com/hbstack/meta/footer v0.2.0 h1:7BVYr4ILC3KFTIWhdyJAtJxN/2O1DUKXmk+IDzKna8E=
github.com/hbstack/meta/footer v0.2.0/go.mod h1:yOBHYqRbB5+NCsOlAfV3EkTWBElAH4mzFzOzKoa9pYQ=
github.com/hbstack/meta/header v0.2.0 h1:mSEIfQ27J3GDWorCCVg508Ajr3fT5T0FZHCA2hiDqu8=
github.com/hbstack/meta/header v0.2.0/go.mod h1:WAXHbiBx7VaSlGAv5BWogtfG2t3ENZqYJgms7PbKDas=
github.com/hbstack/meta/recommended v0.2.0 h1:s1c61TxziNTU26DW0VAUFVLVo/+KUq8vdgu7+v9ENgc=
github.com/hbstack/meta/recommended v0.2.0/go.mod h1:QgrkulLl3d9Jw4d9We5EjAKolVVKmgJRqgZdKBA7RB4=
github.com/hbstack/meta/seo v0.2.0 h1:0xemjrVWwLmYjzKCAmo/6vxWEHACXimjT7vlFYXgmCM=
github.com/hbstack/meta/seo v0.2.0/go.mod h1:41BjjCbTMPJCmrepy5wXjwkV2QQxLyM8Q2kUrJpH/sM=
github.com/hbstack/snackbar v0.1.0 h1:xTgENo0CB4VtV6b1+VEj3086FQpG0KtiKmmkZLqlsqg=
github.com/hbstack/snackbar v0.1.0/go.mod h1:rgVAY9iD/eqvU7NFardQfT9ODYMqA52ESRJpmHEaDZE=
github.com/hbstack/socials v0.1.3 h1:Y4Rh9KMNdcy4CFgdyef42mgc0p1yz7dGLOQwTy9z5PU=
github.com/hbstack/socials v0.1.3/go.mod h1:87Y5TtS8zWxEVsGCIG0PAldUetXNNs50viVd5dJJv8Q=
github.com/hbstack/syntax-highlighting v0.1.0 h1:WxdhNgCktllNKQDqu1BmLmg9dsi77/dXIlcdQ8KZZI0=
github.com/hbstack/syntax-highlighting v0.1.0/go.mod h1:6IoaM+tSIkKZblIrT1i5L3zVH68nt4UScU9JB30FQsc=
github.com/hbstack/syntax-highlighting/styles/gruvbox v0.1.0 h1:lGH8nqOU/+3yzHIk5s1nTrzHDImEnvLkr/0viuPfx3Y=
github.com/hbstack/syntax-highlighting/styles/gruvbox v0.1.0/go.mod h1:ar5ZFplNyVZCVG6rvo69co1hNZwptxtrDz3zproGLPg=
github.com/henrygd/bigger-picture v1.1.8 h1:C349KN8/efgIyTxGvrrx746xEWp03WWzuRRyRN2hQuY=
github.com/henrygd/bigger-picture v1.1.8/go.mod h1:LayqbjDNNsZH+ZXklmjBe5T02qxpH9Cah/ygAraOBIk=
github.com/hugomods/base v0.1.0 h1:3o9Y85BvXHjkYzZfswM/EtthQ8GOYKN8aXHkIWqu3/8=
github.com/hugomods/base v0.1.0/go.mod h1:hnWCPbVxuhXBwdFax3mmbMlWKmIo/7OP36MCLOyHtT4=
github.com/hugomods/bootstrap v0.6.2 h1:xV2jHrFBkWikA4A4HtWOaGWI418tFAXKzTO9PqMNn6s=
github.com/hugomods/bootstrap v0.6.2/go.mod h1:DJkTRVMzt0AttsbX5Z4nHmk28eRRJFGM66glsM6oxeA=
github.com/hugomods/code-block-panel v0.1.1 h1:2ZvWCm+zZynY2opP/0nOpaL4tWoV73WfONCNG1vRrjY=
github.com/hugomods/code-block-panel v0.1.1/go.mod h1:9JGx2XL4BUfDPre72t/TNDvo0b90fEHkqt7JhtJf7AI=
github.com/hugomods/giscus v0.1.0 h1:tIu1TzYByC/XlxxiBl9+CkQp9OeR4UhoZjbQSlcDt5E=
github.com/hugomods/giscus v0.1.0/go.mod h1:tCRkqNi/sMsLh3kjDesXZNzf4R/w+b5oc5boS/l8Jtw=
github.com/hugomods/google-adsense v0.1.0 h1:eykHVCF+JjJRpEQ/b+EkH9aQLQxIdGI8m06qsq1iybA=
github.com/hugomods/google-adsense v0.1.0/go.mod h1:zXQIuUr9pIqlNdCzOLY04Rx7oeUm5R+OhUmscNPiI0w=
github.com/hugomods/google-analytics v0.1.0 h1:lzYr1/WCSvd+tD2TKaVwhUvrZs9FvlDd0yCH7OvQAwE=
github.com/hugomods/google-analytics v0.1.0/go.mod h1:Q89C3HmPHn2m2VT1INfnLwkpDyyYRLRIPitLA/aFIy8=
github.com/hugomods/gravatar v0.2.0 h1:642HNhGN7Mw7qefNcUFJKzLoT2zJKt4IQkrS53mIUfA=
github.com/hugomods/gravatar v0.2.0/go.mod h1:oATWuh5u2XUK/ZKzOD0VEP5I/TZfVZwplTyhT61Q4Fc=
github.com/hugomods/hugopress v0.1.0 h1:qktwbSWtbrEz/nX2wBmxDLzzS4o6/rjp7p0GWcOZ+PU=
github.com/hugomods/hugopress v0.1.0/go.mod h1:CRYvr60xOkZOf4Atkuj+uEj2EH5pjJ39Ws3aJAkoMkA=
github.com/hugomods/i18n-js v0.2.0 h1:pZKidtnEm5l8KqlVsL/7xAbSDM/aLLAvFeQwNjl+W00=
github.com/hugomods/i18n-js v0.2.0/go.mod h1:eJfxjgI2CQsNA1/ReIVvr5127DftUKcbHd2A2SQmDvU=
github.com/hugomods/icons v0.6.0 h1:G6RU93okhPPRDh/jqcew9gwkcYpSpg0rCBv4S6yUAFw=
github.com/hugomods/icons/vendors/bootstrap v0.5.0 h1:CHEGk677heq2kJZa7XsGHRc3Hwizl9NFkmNw146OVm0=
github.com/hugomods/icons/vendors/bootstrap v0.5.0/go.mod h1:kfC17VWV+tNi6PGF4AY7CJBBa1/HEgWxCYq2kNOdcdI=
github.com/hugomods/icons/vendors/font-awesome v0.6.0 h1:B5OwUkpVupNdtxyRlU+572HfCpvKhmIMX+8L49eTr3w=
github.com/hugomods/icons/vendors/font-awesome v0.6.0/go.mod h1:6e81kH7XzgVySHRQtc+cA4bSabpCuZHorQL8LPv7raE=
github.com/hugomods/idb-js v0.1.0 h1:mA6hEGtR0aFEdmq9zYMGpfSpCU6SMilx9RzC4uK3DqY=
github.com/hugomods/idb-js v0.1.0/go.mod h1:GPfnmr+BQpP4s6Epd4Yu+RlUog8q/Djw8qy8BZFWZ04=
github.com/hugomods/images v0.5.1 h1:nu5Rn993nsyHUS4k0Y+347nbKv2QhMPVkSNMggztk9A=
github.com/hugomods/images v0.5.1/go.mod h1:U6Gwj16LKvk66rOMyGFrnF6f0aV8lT89lqOsckOAjYY=
github.com/hugomods/mermaid v0.1.1 h1:12b8DbdiKOTtPmkWOMXsBz3LKkAWVqa5tGkbEboj0a4=
github.com/hugomods/mermaid v0.1.1/go.mod h1:7sKIZLAeYsXXnKRh4KR70UQx27xnzf0mSQ2o99zTLS0=
github.com/hugomods/pwa v0.2.2 h1:a76OCI1a7qDLQlekJI5eKzblvXacxsqEHh/g76a3eLg=
github.com/hugomods/pwa v0.2.2/go.mod h1:aZDPsKRrXFRiABz87mGCkkqt+TjDj1PjPVzGXhZZBVo=
github.com/hugomods/search v0.4.1 h1:jXM0SgOk0WoVDSnKD7n+VWG2DJAr4/HcD+YutAVdVVk=
github.com/hugomods/search v0.4.1/go.mod h1:HAGNaRUV4YKc73pt4WEM0lxIXrbOcKHHDgy9FvC+SxY=
github.com/hugomods/simple-icons v8.13.0+incompatible h1:3X1riXcJcsYx+zzdwIL/P3dSm+d/Esm7AkPTwfNwR34=
github.com/hugomods/simple-icons v8.13.0+incompatible/go.mod h1:1Lvymol7AMVY7ji/o88jMoDHHZIJ5Wc+WwNe5hjmk+U=
github.com/krisk/Fuse v6.6.2+incompatible h1:laigOpZFs/xUi9zGjVu5t19bcvzRVufoXCnPSgQZmYI=
github.com/krisk/Fuse v6.6.2+incompatible/go.mod h1:3moWv8rDjwoKic9nwiPLgZjldkbdTAbtzJHCu/Vsj4A=
github.com/twbs/bootstrap v5.3.0-alpha3+incompatible/go.mod h1:fZTSrkpSf0/HkL0IIJzvVspTt1r9zuf7XlZau8kpcY0=
