github.com/gohugoio/hugo-mod-jslibs-dist/popperjs/v2 v2.21100.20000 h1:GZxx4Hc+yb0/t3/rau1j8XlAxLE4CyXns2fqQbyqWfs=
github.com/gohugoio/hugo-mod-jslibs-dist/popperjs/v2 v2.21100.20000/go.mod h1:mFberT6ZtcchrsDtfvJM7aAH2bDKLdOnruUHl0hlapI=
github.com/hbstack/base v0.1.1 h1:1ehqqiEVEWC2tFrj2M8NhynBTYxt2uiZrpydB3j/pgY=
github.com/hbstack/base v0.1.1/go.mod h1:7J9OWva2kKpSSLHmVCErdcu9x5rkM9Y9EXBdumon/0Q=
github.com/hbstack/base v0.1.4/go.mod h1:HPH5RBlYR8QvGH/Qo5Do1uRd+1u4K2OmoD9zb3fsytQ=
github.com/hbstack/base v0.1.5/go.mod h1:HPH5RBlYR8QvGH/Qo5Do1uRd+1u4K2OmoD9zb3fsytQ=
github.com/hbstack/blog v0.8.2 h1:gfaqkq62hBEOt1yvaS2t9SemWPCld8O2uXqq7GaoanY=
github.com/hbstack/blog/modules/featured-image v0.2.0 h1:4XHEx5IXMwLxMVprjoNXsw1C6yRLq3TPAu00d0Faprk=
github.com/hbstack/blog/modules/featured-image v0.2.0/go.mod h1:RJNICm4f4kglvH9mh9rGhQUHWmwqLxnx4euvwXl7BvQ=
github.com/hbstack/carousel v0.2.0 h1:NMWvhg8kJ8RCq6pwmDupIg3mzbkgvjypKNh7B/idXSI=
github.com/hbstack/carousel v0.2.0/go.mod h1:qUmtQEgnnNrnNumiCbAV9hgiitlW4KrQs1W7b2TlAqI=
github.com/hbstack/carousel v0.2.1/go.mod h1:ygxbeQDgxnDcu6FPdJzS/aacSyn+exgRpjpsRhsMVU0=
github.com/hbstack/docs v0.1.4 h1:R1f/Yo6sTLk315CipJeCwwBhcBfZK7mTwwyzXWjtrc8=
github.com/hbstack/docs v0.1.4/go.mod h1:RA07YdmW5Wes/39SmE+2zDikVLUgFSTC/b1RlKGF1s0=
github.com/hbstack/docs v0.2.0/go.mod h1:EJg1tL3WDsgVXUsuwdtdNP+/Ayak5aUIBOUnjNriutE=
github.com/hbstack/docs v0.3.0/go.mod h1:bmStrKlo7J8OGzDXW5ZC3dImSfizVEzfbwfn0qJxPnE=
github.com/hbstack/docs v0.4.0/go.mod h1:M59YY0BQ+LQodPewES7wmRkq9oT96GzdBiUyGpjjTD0=
github.com/hbstack/hb v0.2.0 h1:fWwFoFKTAoreLqcBpquZzPrxy7tLj46SKcvSOeE7fc4=
github.com/hbstack/hb v0.2.0/go.mod h1:37E1uTMQx1Hix+VdwlWkW74fi3ct5+KlCCBywv9l3Ac=
github.com/hbstack/hb v0.3.0/go.mod h1:37E1uTMQx1Hix+VdwlWkW74fi3ct5+KlCCBywv9l3Ac=
github.com/hbstack/hb v0.4.0/go.mod h1:37E1uTMQx1Hix+VdwlWkW74fi3ct5+KlCCBywv9l3Ac=
github.com/hbstack/hb v0.5.0/go.mod h1:37E1uTMQx1Hix+VdwlWkW74fi3ct5+KlCCBywv9l3Ac=
github.com/hbstack/socials v0.1.1 h1:nuUaI5wnBdh6naPYouM2PPnZwI5lgM1OPctrLRyJfWY=
github.com/hbstack/socials v0.1.1/go.mod h1:OfycksJfdtZtOvSW1bM6BzepwLHxe3pExV5MBrKoW7I=
github.com/hbstack/socials v0.1.2/go.mod h1:87Y5TtS8zWxEVsGCIG0PAldUetXNNs50viVd5dJJv8Q=
github.com/hbstack/socials v0.1.3/go.mod h1:87Y5TtS8zWxEVsGCIG0PAldUetXNNs50viVd5dJJv8Q=
github.com/hugomods/gravatar v0.2.0 h1:642HNhGN7Mw7qefNcUFJKzLoT2zJKt4IQkrS53mIUfA=
github.com/hugomods/gravatar v0.2.0/go.mod h1:oATWuh5u2XUK/ZKzOD0VEP5I/TZfVZwplTyhT61Q4Fc=
github.com/hugomods/images v0.4.0 h1:kgSFxcx6cm7ZNjYYqcLibKBS3Rp/bzAXiqeBACFYAKE=
github.com/hugomods/images v0.4.0/go.mod h1:U6Gwj16LKvk66rOMyGFrnF6f0aV8lT89lqOsckOAjYY=
github.com/hugomods/images v0.5.0/go.mod h1:U6Gwj16LKvk66rOMyGFrnF6f0aV8lT89lqOsckOAjYY=
github.com/hugomods/images v0.5.1/go.mod h1:U6Gwj16LKvk66rOMyGFrnF6f0aV8lT89lqOsckOAjYY=
github.com/hugomods/simple-icons v8.9.0+incompatible h1:3TTXIpads/5zIdLT9OlYTejRwOwqn4NkuRsBb+M/y54=
github.com/hugomods/simple-icons v8.9.0+incompatible/go.mod h1:1Lvymol7AMVY7ji/o88jMoDHHZIJ5Wc+WwNe5hjmk+U=
github.com/hugomods/simple-icons v8.11.0+incompatible/go.mod h1:1Lvymol7AMVY7ji/o88jMoDHHZIJ5Wc+WwNe5hjmk+U=
github.com/hugomods/simple-icons v8.12.0+incompatible/go.mod h1:1Lvymol7AMVY7ji/o88jMoDHHZIJ5Wc+WwNe5hjmk+U=
